{
    "_readme": [
        "This file locks the dependencies of your project to a known state",
        "Read more about it at https://getcomposer.org/doc/01-basic-usage.md#installing-dependencies",
        "This file is @generated automatically"
    ],
    "content-hash": "a6fdecaf53ef74e07a4d965320be5279",
    "packages": [
        {
            "name": "fengqi/hanzi",
            "version": "v0.1.2",
            "source": {
                "type": "git",
                "url": "https://github.com/fengqi/hanzi.git",
                "reference": "d5ace54ceb0310e37ee6d51c5d9ed049f0bcf0e0"
            },
            "dist": {
                "type": "zip",
                "url": "https://api.github.com/repos/fengqi/hanzi/zipball/d5ace54ceb0310e37ee6d51c5d9ed049f0bcf0e0",
                "reference": "d5ace54ceb0310e37ee6d51c5d9ed049f0bcf0e0",
                "shasum": ""
            },
            "type": "library",
            "autoload": {
                "psr-4": {
                    "fengqi\\Hanzi\\": "src"
                }
            },
            "notification-url": "https://packagist.org/downloads/",
            "license": [
                "MIT"
            ],
            "authors": [
                {
                    "name": "fengqi",
                    "email": "lyf362345@gmail.com",
                    "homepage": "http://fengqi.me"
                }
            ],
            "description": "获取汉字的拼音, 或者简繁体转换.",
            "homepage": "https://github.com/fengqi/hanzi",
            "keywords": [
                "Pinyin",
                "fanti",
                "hanzi",
                "jianti"
            ],
            "support": {
                "issues": "https://github.com/fengqi/hanzi/issues",
                "source": "https://github.com/fengqi/hanzi/tree/v0.1.2"
            },
            "time": "2016-04-10T16:47:02+00:00"
        },
        {
            "name": "smarty/smarty",
            "version": "v3.1.39",
            "source": {
                "type": "git",
                "url": "https://github.com/smarty-php/smarty.git",
                "reference": "e27da524f7bcd7361e3ea5cdfa99c4378a7b5419"
            },
            "dist": {
                "type": "zip",
                "url": "https://api.github.com/repos/smarty-php/smarty/zipball/e27da524f7bcd7361e3ea5cdfa99c4378a7b5419",
                "reference": "e27da524f7bcd7361e3ea5cdfa99c4378a7b5419",
                "shasum": ""
            },
            "require": {
                "php": ">=5.2"
            },
            "require-dev": {
                "phpunit/phpunit": "^7.5 || ^6.5 || ^5.7 || ^4.8",
                "smarty/smarty-lexer": "^3.1"
            },
            "type": "library",
            "extra": {
                "branch-alias": {
                    "dev-master": "3.1.x-dev"
                }
            },
            "autoload": {
                "classmap": [
                    "libs/"
                ]
            },
            "notification-url": "https://packagist.org/downloads/",
            "license": [
                "LGPL-3.0"
            ],
            "authors": [
                {
                    "name": "Monte Ohrt",
                    "email": "monte@ohrt.com"
                },
                {
                    "name": "Uwe Tews",
                    "email": "uwe.tews@googlemail.com"
                },
                {
                    "name": "Rodney Rehm",
                    "email": "rodney.rehm@medialize.de"
                }
            ],
            "description": "Smarty - the compiling PHP template engine",
            "homepage": "http://www.smarty.net",
            "keywords": [
                "templating"
            ],
            "support": {
                "forum": "http://www.smarty.net/forums/",
                "irc": "irc://irc.freenode.org/smarty",
                "issues": "https://github.com/smarty-php/smarty/issues",
                "source": "https://github.com/smarty-php/smarty/tree/v3.1.39"
            },
            "time": "2021-02-17T21:57:51+00:00"
        }
    ],
    "packages-dev": [],
    "aliases": [],
    "minimum-stability": "stable",
    "stability-flags": [],
    "prefer-stable": false,
    "prefer-lowest": false,
    "platform": [],
    "platform-dev": [],
    "plugin-api-version": "2.0.0"
}
